// !$*UTF8*$!
{
	archiveVersion = 1;
	classes = {
	};
	objectVersion = 55;
	objects = {

/* Begin PBXBuildFile section */
		D91FBCBB28416BEB00F4701A /* Tests_iOS.swift in Sources */ = {isa = PBXBuildFile; fileRef = D93D505528358C48000E8736 /* Tests_iOS.swift */; };
		D93D505628358C48000E8736 /* Tests_iOS.swift in Sources */ = {isa = PBXBuildFile; fileRef = D93D505528358C48000E8736 /* Tests_iOS.swift */; };
		D93D505828358C48000E8736 /* Tests_iOSLaunchTests.swift in Sources */ = {isa = PBXBuildFile; fileRef = D93D505728358C48000E8736 /* Tests_iOSLaunchTests.swift */; };
		D93D506228358C48000E8736 /* Tests_macOS.swift in Sources */ = {isa = PBXBuildFile; fileRef = D93D506128358C48000E8736 /* Tests_macOS.swift */; };
		D93D506428358C48000E8736 /* Tests_macOSLaunchTests.swift in Sources */ = {isa = PBXBuildFile; fileRef = D93D506328358C48000E8736 /* Tests_macOSLaunchTests.swift */; };
		D93D506528358C48000E8736 /* mobilecastApp.swift in Sources */ = {isa = PBXBuildFile; fileRef = D93D503D28358C44000E8736 /* mobilecastApp.swift */; };
		D93D506628358C48000E8736 /* mobilecastApp.swift in Sources */ = {isa = PBXBuildFile; fileRef = D93D503D28358C44000E8736 /* mobilecastApp.swift */; };
		D93D506728358C48000E8736 /* ContentView.swift in Sources */ = {isa = PBXBuildFile; fileRef = D93D503E28358C44000E8736 /* ContentView.swift */; };
		D93D506828358C48000E8736 /* ContentView.swift in Sources */ = {isa = PBXBuildFile; fileRef = D93D503E28358C44000E8736 /* ContentView.swift */; };
		D93D506928358C48000E8736 /* Assets.xcassets in Resources */ = {isa = PBXBuildFile; fileRef = D93D503F28358C48000E8736 /* Assets.xcassets */; };
		D93D506A28358C48000E8736 /* Assets.xcassets in Resources */ = {isa = PBXBuildFile; fileRef = D93D503F28358C48000E8736 /* Assets.xcassets */; };
/* End PBXBuildFile section */

/* Begin PBXContainerItemProxy section */
		D93D505228358C48000E8736 /* PBXContainerItemProxy */ = {
			isa = PBXContainerItemProxy;
			containerPortal = D93D503828358C44000E8736 /* Project object */;
			proxyType = 1;
			remoteGlobalIDString = D93D504328358C48000E8736;
			remoteInfo = "mobilecast (iOS)";
		};
		D93D505E28358C48000E8736 /* PBXContainerItemProxy */ = {
			isa = PBXContainerItemProxy;
			containerPortal = D93D503828358C44000E8736 /* Project object */;
			proxyType = 1;
			remoteGlobalIDString = D93D504928358C48000E8736;
			remoteInfo = "mobilecast (macOS)";
		};
/* End PBXContainerItemProxy section */

/* Begin PBXFileReference section */
		D93D503D28358C44000E8736 /* mobilecastApp.swift */ = {isa = PBXFileReference; lastKnownFileType = sourcecode.swift; path = mobilecastApp.swift; sourceTree = "<group>"; };
		D93D503E28358C44000E8736 /* ContentView.swift */ = {isa = PBXFileReference; lastKnownFileType = sourcecode.swift; path = ContentView.swift; sourceTree = "<group>"; };
		D93D503F28358C48000E8736 /* Assets.xcassets */ = {isa = PBXFileReference; lastKnownFileType = folder.assetcatalog; path = Assets.xcassets; sourceTree = "<group>"; };
		D93D504428358C48000E8736 /* mobilecast.app */ = {isa = PBXFileReference; explicitFileType = wrapper.application; includeInIndex = 0; path = mobilecast.app; sourceTree = BUILT_PRODUCTS_DIR; };
		D93D504A28358C48000E8736 /* mobilecast.app */ = {isa = PBXFileReference; explicitFileType = wrapper.application; includeInIndex = 0; path = mobilecast.app; sourceTree = BUILT_PRODUCTS_DIR; };
		D93D504C28358C48000E8736 /* macOS.entitlements */ = {isa = PBXFileReference; lastKnownFileType = text.plist.entitlements; path = macOS.entitlements; sourceTree = "<group>"; };
		D93D505128358C48000E8736 /* Tests iOS.xctest */ = {isa = PBXFileReference; explicitFileType = wrapper.cfbundle; includeInIndex = 0; path = "Tests iOS.xctest"; sourceTree = BUILT_PRODUCTS_DIR; };
		D93D505528358C48000E8736 /* Tests_iOS.swift */ = {isa = PBXFileReference; lastKnownFileType = sourcecode.swift; path = Tests_iOS.swift; sourceTree = "<group>"; };
		D93D505728358C48000E8736 /* Tests_iOSLaunchTests.swift */ = {isa = PBXFileReference; lastKnownFileType = sourcecode.swift; path = Tests_iOSLaunchTests.swift; sourceTree = "<group>"; };
		D93D505D28358C48000E8736 /* Tests macOS.xctest */ = {isa = PBXFileReference; explicitFileType = wrapper.cfbundle; includeInIndex = 0; path = "Tests macOS.xctest"; sourceTree = BUILT_PRODUCTS_DIR; };
		D93D506128358C48000E8736 /* Tests_macOS.swift */ = {isa = PBXFileReference; lastKnownFileType = sourcecode.swift; path = Tests_macOS.swift; sourceTree = "<group>"; };
		D93D506328358C48000E8736 /* Tests_macOSLaunchTests.swift */ = {isa = PBXFileReference; lastKnownFileType = sourcecode.swift; path = Tests_macOSLaunchTests.swift; sourceTree = "<group>"; };
/* End PBXFileReference section */

/* Begin PBXFrameworksBuildPhase section */
		D93D504128358C48000E8736 /* Frameworks */ = {
			isa = PBXFrameworksBuildPhase;
			buildActionMask = 2147483647;
			files = (
			);
			runOnlyForDeploymentPostprocessing = 0;
		};
		D93D504728358C48000E8736 /* Frameworks */ = {
			isa = PBXFrameworksBuildPhase;
			buildActionMask = 2147483647;
			files = (
			);
			runOnlyForDeploymentPostprocessing = 0;
		};
		D93D504E28358C48000E8736 /* Frameworks */ = {
			isa = PBXFrameworksBuildPhase;
			buildActionMask = 2147483647;
			files = (
			);
			runOnlyForDeploymentPostprocessing = 0;
		};
		D93D505A28358C48000E8736 /* Frameworks */ = {
			isa = PBXFrameworksBuildPhase;
			buildActionMask = 2147483647;
			files = (
			);
			runOnlyForDeploymentPostprocessing = 0;
		};
/* End PBXFrameworksBuildPhase section */

/* Begin PBXGroup section */
		D93D503728358C44000E8736 = {
			isa = PBXGroup;
			children = (
				D93D503C28358C44000E8736 /* Shared */,
				D93D504B28358C48000E8736 /* macOS */,
				D93D505428358C48000E8736 /* Tests iOS */,
				D93D506028358C48000E8736 /* Tests macOS */,
				D93D504528358C48000E8736 /* Products */,
			);
			sourceTree = "<group>";
		};
		D93D503C28358C44000E8736 /* Shared */ = {
			isa = PBXGroup;
			children = (
				D93D503D28358C44000E8736 /* mobilecastApp.swift */,
				D93D503E28358C44000E8736 /* ContentView.swift */,
				D93D503F28358C48000E8736 /* Assets.xcassets */,
			);
			path = Shared;
			sourceTree = "<group>";
		};
		D93D504528358C48000E8736 /* Products */ = {
			isa = PBXGroup;
			children = (
				D93D504428358C48000E8736 /* mobilecast.app */,
				D93D504A28358C48000E8736 /* mobilecast.app */,
				D93D505128358C48000E8736 /* Tests iOS.xctest */,
				D93D505D28358C48000E8736 /* Tests macOS.xctest */,
			);
			name = Products;
			sourceTree = "<group>";
		};
		D93D504B28358C48000E8736 /* macOS */ = {
			isa = PBXGroup;
			children = (
				D93D504C28358C48000E8736 /* macOS.entitlements */,
			);
			path = macOS;
			sourceTree = "<group>";
		};
		D93D505428358C48000E8736 /* Tests iOS */ = {
			isa = PBXGroup;
			children = (
				D93D505528358C48000E8736 /* Tests_iOS.swift */,
				D93D505728358C48000E8736 /* Tests_iOSLaunchTests.swift */,
			);
			path = "Tests iOS";
			sourceTree = "<group>";
		};
		D93D506028358C48000E8736 /* Tests macOS */ = {
			isa = PBXGroup;
			children = (
				D93D506128358C48000E8736 /* Tests_macOS.swift */,
				D93D506328358C48000E8736 /* Tests_macOSLaunchTests.swift */,
			);
			path = "Tests macOS";
			sourceTree = "<group>";
		};
/* End PBXGroup section */

/* Begin PBXNativeTarget section */
		D93D504328358C48000E8736 /* mobilecast (iOS) */ = {
			isa = PBXNativeTarget;
			buildConfigurationList = D93D506D28358C48000E8736 /* Build configuration list for PBXNativeTarget "mobilecast (iOS)" */;
			buildPhases = (
				D93D504028358C48000E8736 /* Sources */,
				D93D504128358C48000E8736 /* Frameworks */,
				D93D504228358C48000E8736 /* Resources */,
			);
			buildRules = (
			);
			dependencies = (
			);
			name = "mobilecast (iOS)";
			productName = "mobilecast (iOS)";
			productReference = D93D504428358C48000E8736 /* mobilecast.app */;
			productType = "com.apple.product-type.application";
		};
		D93D504928358C48000E8736 /* mobilecast (macOS) */ = {
			isa = PBXNativeTarget;
			buildConfigurationList = D93D507028358C48000E8736 /* Build configuration list for PBXNativeTarget "mobilecast (macOS)" */;
			buildPhases = (
				D93D504628358C48000E8736 /* Sources */,
				D93D504728358C48000E8736 /* Frameworks */,
				D93D504828358C48000E8736 /* Resources */,
			);
			buildRules = (
			);
			dependencies = (
			);
			name = "mobilecast (macOS)";
			productName = "mobilecast (macOS)";
			productReference = D93D504A28358C48000E8736 /* mobilecast.app */;
			productType = "com.apple.product-type.application";
		};
		D93D505028358C48000E8736 /* Tests iOS */ = {
			isa = PBXNativeTarget;
			buildConfigurationList = D93D507328358C48000E8736 /* Build configuration list for PBXNativeTarget "Tests iOS" */;
			buildPhases = (
				D93D504D28358C48000E8736 /* Sources */,
				D93D504E28358C48000E8736 /* Frameworks */,
				D93D504F28358C48000E8736 /* Resources */,
			);
			buildRules = (
			);
			dependencies = (
				D93D505328358C48000E8736 /* PBXTargetDependency */,
			);
			name = "Tests iOS";
			productName = "Tests iOS";
			productReference = D93D505128358C48000E8736 /* Tests iOS.xctest */;
			productType = "com.apple.product-type.bundle.ui-testing";
		};
		D93D505C28358C48000E8736 /* Tests macOS */ = {
			isa = PBXNativeTarget;
			buildConfigurationList = D93D507628358C48000E8736 /* Build configuration list for PBXNativeTarget "Tests macOS" */;
			buildPhases = (
				D93D505928358C48000E8736 /* Sources */,
				D93D505A28358C48000E8736 /* Frameworks */,
				D93D505B28358C48000E8736 /* Resources */,
			);
			buildRules = (
			);
			dependencies = (
				D93D505F28358C48000E8736 /* PBXTargetDependency */,
			);
			name = "Tests macOS";
			productName = "Tests macOS";
			productReference = D93D505D28358C48000E8736 /* Tests macOS.xctest */;
			productType = "com.apple.product-type.bundle.ui-testing";
		};
/* End PBXNativeTarget section */

/* Begin PBXProject section */
		D93D503828358C44000E8736 /* Project object */ = {
			isa = PBXProject;
			attributes = {
				BuildIndependentTargetsInParallel = 1;
				LastSwiftUpdateCheck = 1340;
				LastUpgradeCheck = 1340;
				TargetAttributes = {
					D93D504328358C48000E8736 = {
						CreatedOnToolsVersion = 13.4;
					};
					D93D504928358C48000E8736 = {
						CreatedOnToolsVersion = 13.4;
					};
					D93D505028358C48000E8736 = {
						CreatedOnToolsVersion = 13.4;
						TestTargetID = D93D504328358C48000E8736;
					};
					D93D505C28358C48000E8736 = {
						CreatedOnToolsVersion = 13.4;
						TestTargetID = D93D504928358C48000E8736;
					};
				};
			};
			buildConfigurationList = D93D503B28358C44000E8736 /* Build configuration list for PBXProject "mobilecast" */;
			compatibilityVersion = "Xcode 13.0";
			developmentRegion = en;
			hasScannedForEncodings = 0;
			knownRegions = (
				en,
				Base,
			);
			mainGroup = D93D503728358C44000E8736;
			productRefGroup = D93D504528358C48000E8736 /* Products */;
			projectDirPath = "";
			projectRoot = "";
			targets = (
				D93D504328358C48000E8736 /* mobilecast (iOS) */,
				D93D504928358C48000E8736 /* mobilecast (macOS) */,
				D93D505028358C48000E8736 /* Tests iOS */,
				D93D505C28358C48000E8736 /* Tests macOS */,
			);
		};
/* End PBXProject section */

/* Begin PBXResourcesBuildPhase section */
		D93D504228358C48000E8736 /* Resources */ = {
			isa = PBXResourcesBuildPhase;
			buildActionMask = 2147483647;
			files = (
				D93D506928358C48000E8736 /* Assets.xcassets in Resources */,
			);
			runOnlyForDeploymentPostprocessing = 0;
		};
		D93D504828358C48000E8736 /* Resources */ = {
			isa = PBXResourcesBuildPhase;
			buildActionMask = 2147483647;
			files = (
				D93D506A28358C48000E8736 /* Assets.xcassets in Resources */,
			);
			runOnlyForDeploymentPostprocessing = 0;
		};
		D93D504F28358C48000E8736 /* Resources */ = {
			isa = PBXResourcesBuildPhase;
			buildActionMask = 2147483647;
			files = (
			);
			runOnlyForDeploymentPostprocessing = 0;
		};
		D93D505B28358C48000E8736 /* Resources */ = {
			isa = PBXResourcesBuildPhase;
			buildActionMask = 2147483647;
			files = (
			);
			runOnlyForDeploymentPostprocessing = 0;
		};
/* End PBXResourcesBuildPhase section */

/* Begin PBXSourcesBuildPhase section */
		D93D504028358C48000E8736 /* Sources */ = {
			isa = PBXSourcesBuildPhase;
			buildActionMask = 2147483647;
			files = (
				D93D506728358C48000E8736 /* ContentView.swift in Sources */,
				D91FBCBB28416BEB00F4701A /* Tests_iOS.swift in Sources */,
				D93D506528358C48000E8736 /* mobilecastApp.swift in Sources */,
			);
			runOnlyForDeploymentPostprocessing = 0;
		};
		D93D504628358C48000E8736 /* Sources */ = {
			isa = PBXSourcesBuildPhase;
			buildActionMask = 2147483647;
			files = (
				D93D506828358C48000E8736 /* ContentView.swift in Sources */,
				D93D506628358C48000E8736 /* mobilecastApp.swift in Sources */,
			);
			runOnlyForDeploymentPostprocessing = 0;
		};
		D93D504D28358C48000E8736 /* Sources */ = {
			isa = PBXSourcesBuildPhase;
			buildActionMask = 2147483647;
			files = (
				D93D505828358C48000E8736 /* Tests_iOSLaunchTests.swift in Sources */,
				D93D505628358C48000E8736 /* Tests_iOS.swift in Sources */,
			);
			runOnlyForDeploymentPostprocessing = 0;
		};
		D93D505928358C48000E8736 /* Sources */ = {
			isa = PBXSourcesBuildPhase;
			buildActionMask = 2147483647;
			files = (
				D93D506428358C48000E8736 /* Tests_macOSLaunchTests.swift in Sources */,
				D93D506228358C48000E8736 /* Tests_macOS.swift in Sources */,
			);
			runOnlyForDeploymentPostprocessing = 0;
		};
/* End PBXSourcesBuildPhase section */

/* Begin PBXTargetDependency section */
		D93D505328358C48000E8736 /* PBXTargetDependency */ = {
			isa = PBXTargetDependency;
			target = D93D504328358C48000E8736 /* mobilecast (iOS) */;
			targetProxy = D93D505228358C48000E8736 /* PBXContainerItemProxy */;
		};
		D93D505F28358C48000E8736 /* PBXTargetDependency */ = {
			isa = PBXTargetDependency;
			target = D93D504928358C48000E8736 /* mobilecast (macOS) */;
			targetProxy = D93D505E28358C48000E8736 /* PBXContainerItemProxy */;
		};
/* End PBXTargetDependency section */

/* Begin XCBuildConfiguration section */
		D93D506B28358C48000E8736 /* Debug */ = {
			isa = XCBuildConfiguration;
			buildSettings = {
				ALWAYS_SEARCH_USER_PATHS = NO;
				CLANG_ANALYZER_NONNULL = YES;
				CLANG_ANALYZER_NUMBER_OBJECT_CONVERSION = YES_AGGRESSIVE;
				CLANG_CXX_LANGUAGE_STANDARD = "gnu++17";
				CLANG_ENABLE_MODULES = YES;
				CLANG_ENABLE_OBJC_ARC = YES;
				CLANG_ENABLE_OBJC_WEAK = YES;
				CLANG_WARN_BLOCK_CAPTURE_AUTORELEASING = YES;
				CLANG_WARN_BOOL_CONVERSION = YES;
				CLANG_WARN_COMMA = YES;
				CLANG_WARN_CONSTANT_CONVERSION = YES;
				CLANG_WARN_DEPRECATED_OBJC_IMPLEMENTATIONS = YES;
				CLANG_WARN_DIRECT_OBJC_ISA_USAGE = YES_ERROR;
				CLANG_WARN_DOCUMENTATION_COMMENTS = YES;
				CLANG_WARN_EMPTY_BODY = YES;
				CLANG_WARN_ENUM_CONVERSION = YES;
				CLANG_WARN_INFINITE_RECURSION = YES;
				CLANG_WARN_INT_CONVERSION = YES;
				CLANG_WARN_NON_LITERAL_NULL_CONVERSION = YES;
				CLANG_WARN_OBJC_IMPLICIT_RETAIN_SELF = YES;
				CLANG_WARN_OBJC_LITERAL_CONVERSION = YES;
				CLANG_WARN_OBJC_ROOT_CLASS = YES_ERROR;
				CLANG_WARN_QUOTED_INCLUDE_IN_FRAMEWORK_HEADER = YES;
				CLANG_WARN_RANGE_LOOP_ANALYSIS = YES;
				CLANG_WARN_STRICT_PROTOTYPES = YES;
				CLANG_WARN_SUSPICIOUS_MOVE = YES;
				CLANG_WARN_UNGUARDED_AVAILABILITY = YES_AGGRESSIVE;
				CLANG_WARN_UNREACHABLE_CODE = YES;
				CLANG_WARN__DUPLICATE_METHOD_MATCH = YES;
				COPY_PHASE_STRIP = NO;
				DEBUG_INFORMATION_FORMAT = dwarf;
				ENABLE_STRICT_OBJC_MSGSEND = YES;
				ENABLE_TESTABILITY = YES;
				GCC_C_LANGUAGE_STANDARD = gnu11;
				GCC_DYNAMIC_NO_PIC = NO;
				GCC_NO_COMMON_BLOCKS = YES;
				GCC_OPTIMIZATION_LEVEL = 0;
				GCC_PREPROCESSOR_DEFINITIONS = (
					"DEBUG=1",
					"$(inherited)",
				);
				GCC_WARN_64_TO_32_BIT_CONVERSION = YES;
				GCC_WARN_ABOUT_RETURN_TYPE = YES_ERROR;
				GCC_WARN_UNDECLARED_SELECTOR = YES;
				GCC_WARN_UNINITIALIZED_AUTOS = YES_AGGRESSIVE;
				GCC_WARN_UNUSED_FUNCTION = YES;
				GCC_WARN_UNUSED_VARIABLE = YES;
				MTL_ENABLE_DEBUG_INFO = INCLUDE_SOURCE;
				MTL_FAST_MATH = YES;
				ONLY_ACTIVE_ARCH = YES;
				SWIFT_ACTIVE_COMPILATION_CONDITIONS = DEBUG;
				SWIFT_OPTIMIZATION_LEVEL = "-Onone";
			};
			name = Debug;
		};
		D93D506C28358C48000E8736 /* Release */ = {
			isa = XCBuildConfiguration;
			buildSettings = {
				ALWAYS_SEARCH_USER_PATHS = NO;
				CLANG_ANALYZER_NONNULL = YES;
				CLANG_ANALYZER_NUMBER_OBJECT_CONVERSION = YES_AGGRESSIVE;
				CLANG_CXX_LANGUAGE_STANDARD = "gnu++17";
				CLANG_ENABLE_MODULES = YES;
				CLANG_ENABLE_OBJC_ARC = YES;
				CLANG_ENABLE_OBJC_WEAK = YES;
				CLANG_WARN_BLOCK_CAPTURE_AUTORELEASING = YES;
				CLANG_WARN_BOOL_CONVERSION = YES;
				CLANG_WARN_COMMA = YES;
				CLANG_WARN_CONSTANT_CONVERSION = YES;
				CLANG_WARN_DEPRECATED_OBJC_IMPLEMENTATIONS = YES;
				CLANG_WARN_DIRECT_OBJC_ISA_USAGE = YES_ERROR;
				CLANG_WARN_DOCUMENTATION_COMMENTS = YES;
				CLANG_WARN_EMPTY_BODY = YES;
				CLANG_WARN_ENUM_CONVERSION = YES;
				CLANG_WARN_INFINITE_RECURSION = YES;
				CLANG_WARN_INT_CONVERSION = YES;
				CLANG_WARN_NON_LITERAL_NULL_CONVERSION = YES;
				CLANG_WARN_OBJC_IMPLICIT_RETAIN_SELF = YES;
				CLANG_WARN_OBJC_LITERAL_CONVERSION = YES;
				CLANG_WARN_OBJC_ROOT_CLASS = YES_ERROR;
				CLANG_WARN_QUOTED_INCLUDE_IN_FRAMEWORK_HEADER = YES;
				CLANG_WARN_RANGE_LOOP_ANALYSIS = YES;
				CLANG_WARN_STRICT_PROTOTYPES = YES;
				CLANG_WARN_SUSPICIOUS_MOVE = YES;
				CLANG_WARN_UNGUARDED_AVAILABILITY = YES_AGGRESSIVE;
				CLANG_WARN_UNREACHABLE_CODE = YES;
				CLANG_WARN__DUPLICATE_METHOD_MATCH = YES;
				COPY_PHASE_STRIP = NO;
				DEBUG_INFORMATION_FORMAT = "dwarf-with-dsym";
				ENABLE_NS_ASSERTIONS = NO;
				ENABLE_STRICT_OBJC_MSGSEND = YES;
				GCC_C_LANGUAGE_STANDARD = gnu11;
				GCC_NO_COMMON_BLOCKS = YES;
				GCC_WARN_64_TO_32_BIT_CONVERSION = YES;
				GCC_WARN_ABOUT_RETURN_TYPE = YES_ERROR;
				GCC_WARN_UNDECLARED_SELECTOR = YES;
				GCC_WARN_UNINITIALIZED_AUTOS = YES_AGGRESSIVE;
				GCC_WARN_UNUSED_FUNCTION = YES;
				GCC_WARN_UNUSED_VARIABLE = YES;
				MTL_ENABLE_DEBUG_INFO = NO;
				MTL_FAST_MATH = YES;
				SWIFT_COMPILATION_MODE = wholemodule;
				SWIFT_OPTIMIZATION_LEVEL = "-O";
			};
			name = Release;
		};
		D93D506E28358C48000E8736 /* Debug */ = {
			isa = XCBuildConfiguration;
			buildSettings = {
				ASSETCATALOG_COMPILER_APPICON_NAME = AppIcon;
				ASSETCATALOG_COMPILER_GLOBAL_ACCENT_COLOR_NAME = AccentColor;
				CODE_SIGN_IDENTITY = "Apple Development";
				CODE_SIGN_STYLE = Automatic;
				CURRENT_PROJECT_VERSION = 1;
				DEVELOPMENT_TEAM = M562Z8RFTP;
				ENABLE_PREVIEWS = YES;
				GENERATE_INFOPLIST_FILE = YES;
				INFOPLIST_KEY_UIApplicationSceneManifest_Generation = YES;
				INFOPLIST_KEY_UIApplicationSupportsIndirectInputEvents = YES;
				INFOPLIST_KEY_UILaunchScreen_Generation = YES;
				INFOPLIST_KEY_UISupportedInterfaceOrientations_iPad = "UIInterfaceOrientationPortrait UIInterfaceOrientationPortraitUpsideDown UIInterfaceOrientationLandscapeLeft UIInterfaceOrientationLandscapeRight";
				INFOPLIST_KEY_UISupportedInterfaceOrientations_iPhone = "UIInterfaceOrientationPortrait UIInterfaceOrientationLandscapeLeft UIInterfaceOrientationLandscapeRight";
				IPHONEOS_DEPLOYMENT_TARGET = 15.5;
				LD_RUNPATH_SEARCH_PATHS = (
					"$(inherited)",
					"@executable_path/Frameworks",
				);
				MARKETING_VERSION = 1.0;
				PRODUCT_BUNDLE_IDENTIFIER = "com.t-mobile.mobilecast";
				PRODUCT_NAME = mobilecast;
				PROVISIONING_PROFILE_SPECIFIER = "";
				SDKROOT = iphoneos;
				SWIFT_EMIT_LOC_STRINGS = YES;
				SWIFT_VERSION = 5.0;
				TARGETED_DEVICE_FAMILY = "1,2";
			};
			name = Debug;
		};
		D93D506F28358C48000E8736 /* Release */ = {
			isa = XCBuildConfiguration;
			buildSettings = {
				ASSETCATALOG_COMPILER_APPICON_NAME = AppIcon;
				ASSETCATALOG_COMPILER_GLOBAL_ACCENT_COLOR_NAME = AccentColor;
				CODE_SIGN_IDENTITY = "Apple Development";
				CODE_SIGN_STYLE = Automatic;
				CURRENT_PROJECT_VERSION = 1;
				DEVELOPMENT_TEAM = M562Z8RFTP;
				ENABLE_PREVIEWS = YES;
				GENERATE_INFOPLIST_FILE = YES;
				INFOPLIST_KEY_UIApplicationSceneManifest_Generation = YES;
				INFOPLIST_KEY_UIApplicationSupportsIndirectInputEvents = YES;
				INFOPLIST_KEY_UILaunchScreen_Generation = YES;
				INFOPLIST_KEY_UISupportedInterfaceOrientations_iPad = "UIInterfaceOrientationPortrait UIInterfaceOrientationPortraitUpsideDown UIInterfaceOrientationLandscapeLeft UIInterfaceOrientationLandscapeRight";
				INFOPLIST_KEY_UISupportedInterfaceOrientations_iPhone = "UIInterfaceOrientationPortrait UIInterfaceOrientationLandscapeLeft UIInterfaceOrientationLandscapeRight";
				IPHONEOS_DEPLOYMENT_TARGET = 15.5;
				LD_RUNPATH_SEARCH_PATHS = (
					"$(inherited)",
					"@executable_path/Frameworks",
				);
				MARKETING_VERSION = 1.0;
				PRODUCT_BUNDLE_IDENTIFIER = "com.t-mobile.mobilecast";
				PRODUCT_NAME = mobilecast;
				PROVISIONING_PROFILE_SPECIFIER = "";
				SDKROOT = iphoneos;
				SWIFT_EMIT_LOC_STRINGS = YES;
				SWIFT_VERSION = 5.0;
				TARGETED_DEVICE_FAMILY = "1,2";
				VALIDATE_PRODUCT = YES;
			};
			name = Release;
		};
		D93D507128358C48000E8736 /* Debug */ = {
			isa = XCBuildConfiguration;
			buildSettings = {
				ASSETCATALOG_COMPILER_APPICON_NAME = AppIcon;
				ASSETCATALOG_COMPILER_GLOBAL_ACCENT_COLOR_NAME = AccentColor;
				CODE_SIGN_ENTITLEMENTS = macOS/macOS.entitlements;
				CODE_SIGN_STYLE = Automatic;
				COMBINE_HIDPI_IMAGES = YES;
				CURRENT_PROJECT_VERSION = 1;
				DEVELOPMENT_TEAM = M562Z8RFTP;
				ENABLE_HARDENED_RUNTIME = YES;
				ENABLE_PREVIEWS = YES;
				GENERATE_INFOPLIST_FILE = YES;
				INFOPLIST_KEY_NSHumanReadableCopyright = "";
				LD_RUNPATH_SEARCH_PATHS = (
					"$(inherited)",
					"@executable_path/../Frameworks",
				);
				MACOSX_DEPLOYMENT_TARGET = 12.3;
				MARKETING_VERSION = 1.0;
				PRODUCT_BUNDLE_IDENTIFIER = "com.t-mobile.mobilecast";
				PRODUCT_NAME = mobilecast;
				SDKROOT = macosx;
				SWIFT_EMIT_LOC_STRINGS = YES;
				SWIFT_VERSION = 5.0;
			};
			name = Debug;
		};
		D93D507228358C48000E8736 /* Release */ = {
			isa = XCBuildConfiguration;
			buildSettings = {
				ASSETCATALOG_COMPILER_APPICON_NAME = AppIcon;
				ASSETCATALOG_COMPILER_GLOBAL_ACCENT_COLOR_NAME = AccentColor;
				CODE_SIGN_ENTITLEMENTS = macOS/macOS.entitlements;
				CODE_SIGN_STYLE = Automatic;
				COMBINE_HIDPI_IMAGES = YES;
				CURRENT_PROJECT_VERSION = 1;
				DEVELOPMENT_TEAM = M562Z8RFTP;
				ENABLE_HARDENED_RUNTIME = YES;
				ENABLE_PREVIEWS = YES;
				GENERATE_INFOPLIST_FILE = YES;
				INFOPLIST_KEY_NSHumanReadableCopyright = "";
				LD_RUNPATH_SEARCH_PATHS = (
					"$(inherited)",
					"@executable_path/../Frameworks",
				);
				MACOSX_DEPLOYMENT_TARGET = 12.3;
				MARKETING_VERSION = 1.0;
				PRODUCT_BUNDLE_IDENTIFIER = "com.t-mobile.mobilecast";
				PRODUCT_NAME = mobilecast;
				SDKROOT = macosx;
				SWIFT_EMIT_LOC_STRINGS = YES;
				SWIFT_VERSION = 5.0;
			};
			name = Release;
		};
		D93D507428358C48000E8736 /* Debug */ = {
			isa = XCBuildConfiguration;
			buildSettings = {
				ALWAYS_EMBED_SWIFT_STANDARD_LIBRARIES = YES;
				CODE_SIGN_STYLE = Automatic;
				CURRENT_PROJECT_VERSION = 1;
				DEVELOPMENT_TEAM = M562Z8RFTP;
				GENERATE_INFOPLIST_FILE = YES;
				IPHONEOS_DEPLOYMENT_TARGET = 15.5;
				MARKETING_VERSION = 1.0;
				PRODUCT_BUNDLE_IDENTIFIER = "com.t-mobile.Tests-iOS";
				PRODUCT_NAME = "$(TARGET_NAME)";
				SDKROOT = iphoneos;
				SWIFT_EMIT_LOC_STRINGS = NO;
				SWIFT_VERSION = 5.0;
				TARGETED_DEVICE_FAMILY = "1,2";
				TEST_TARGET_NAME = "mobilecast (iOS)";
			};
			name = Debug;
		};
		D93D507528358C48000E8736 /* Release */ = {
			isa = XCBuildConfiguration;
			buildSettings = {
				ALWAYS_EMBED_SWIFT_STANDARD_LIBRARIES = YES;
				CODE_SIGN_STYLE = Automatic;
				CURRENT_PROJECT_VERSION = 1;
				DEVELOPMENT_TEAM = M562Z8RFTP;
				GENERATE_INFOPLIST_FILE = YES;
				IPHONEOS_DEPLOYMENT_TARGET = 15.5;
				MARKETING_VERSION = 1.0;
				PRODUCT_BUNDLE_IDENTIFIER = "com.t-mobile.Tests-iOS";
				PRODUCT_NAME = "$(TARGET_NAME)";
				SDKROOT = iphoneos;
				SWIFT_EMIT_LOC_STRINGS = NO;
				SWIFT_VERSION = 5.0;
				TARGETED_DEVICE_FAMILY = "1,2";
				TEST_TARGET_NAME = "mobilecast (iOS)";
				VALIDATE_PRODUCT = YES;
			};
			name = Release;
		};
		D93D507728358C48000E8736 /* Debug */ = {
			isa = XCBuildConfiguration;
			buildSettings = {
				ALWAYS_EMBED_SWIFT_STANDARD_LIBRARIES = YES;
				CODE_SIGN_STYLE = Automatic;
				CURRENT_PROJECT_VERSION = 1;
				DEVELOPMENT_TEAM = M562Z8RFTP;
				GENERATE_INFOPLIST_FILE = YES;
				MACOSX_DEPLOYMENT_TARGET = 12.3;
				MARKETING_VERSION = 1.0;
				PRODUCT_BUNDLE_IDENTIFIER = "com.t-mobile.Tests-macOS";
				PRODUCT_NAME = "$(TARGET_NAME)";
				SDKROOT = macosx;
				SWIFT_EMIT_LOC_STRINGS = NO;
				SWIFT_VERSION = 5.0;
				TEST_TARGET_NAME = "mobilecast (macOS)";
			};
			name = Debug;
		};
		D93D507828358C48000E8736 /* Release */ = {
			isa = XCBuildConfiguration;
			buildSettings = {
				ALWAYS_EMBED_SWIFT_STANDARD_LIBRARIES = YES;
				CODE_SIGN_STYLE = Automatic;
				CURRENT_PROJECT_VERSION = 1;
				DEVELOPMENT_TEAM = M562Z8RFTP;
				GENERATE_INFOPLIST_FILE = YES;
				MACOSX_DEPLOYMENT_TARGET = 12.3;
				MARKETING_VERSION = 1.0;
				PRODUCT_BUNDLE_IDENTIFIER = "com.t-mobile.Tests-macOS";
				PRODUCT_NAME = "$(TARGET_NAME)";
				SDKROOT = macosx;
				SWIFT_EMIT_LOC_STRINGS = NO;
				SWIFT_VERSION = 5.0;
				TEST_TARGET_NAME = "mobilecast (macOS)";
			};
			name = Release;
		};
/* End XCBuildConfiguration section */

/* Begin XCConfigurationList section */
		D93D503B28358C44000E8736 /* Build configuration list for PBXProject "mobilecast" */ = {
			isa = XCConfigurationList;
			buildConfigurations = (
				D93D506B28358C48000E8736 /* Debug */,
				D93D506C28358C48000E8736 /* Release */,
			);
			defaultConfigurationIsVisible = 0;
			defaultConfigurationName = Release;
		};
		D93D506D28358C48000E8736 /* Build configuration list for PBXNativeTarget "mobilecast (iOS)" */ = {
			isa = XCConfigurationList;
			buildConfigurations = (
				D93D506E28358C48000E8736 /* Debug */,
				D93D506F28358C48000E8736 /* Release */,
			);
			defaultConfigurationIsVisible = 0;
			defaultConfigurationName = Release;
		};
		D93D507028358C48000E8736 /* Build configuration list for PBXNativeTarget "mobilecast (macOS)" */ = {
			isa = XCConfigurationList;
			buildConfigurations = (
				D93D507128358C48000E8736 /* Debug */,
				D93D507228358C48000E8736 /* Release */,
			);
			defaultConfigurationIsVisible = 0;
			defaultConfigurationName = Release;
		};
		D93D507328358C48000E8736 /* Build configuration list for PBXNativeTarget "Tests iOS" */ = {
			isa = XCConfigurationList;
			buildConfigurations = (
				D93D507428358C48000E8736 /* Debug */,
				D93D507528358C48000E8736 /* Release */,
			);
			defaultConfigurationIsVisible = 0;
			defaultConfigurationName = Release;
		};
		D93D507628358C48000E8736 /* Build configuration list for PBXNativeTarget "Tests macOS" */ = {
			isa = XCConfigurationList;
			buildConfigurations = (
				D93D507728358C48000E8736 /* Debug */,
				D93D507828358C48000E8736 /* Release */,
			);
			defaultConfigurationIsVisible = 0;
			defaultConfigurationName = Release;
		};
/* End XCConfigurationList section */
	};
	rootObject = D93D503828358C44000E8736 /* Project object */;
}
